// !$*UTF8*$!
{
	archiveVersion = 1;
	classes = {
	};
	objectVersion = 54;
	objects = {

/* Begin PBXBuildFile section */
		09E2F280A46B4DDBB001D190 /* Urbanist-Thin.ttf in Resources */ = {isa = PBXBuildFile; fileRef = CE0B7C363114456CBC3C082C /* Urbanist-Thin.ttf */; };
		0D065304728B4469A0B61275 /* Urbanist-Regular.ttf in Resources */ = {isa = PBXBuildFile; fileRef = 9C91BCABAD0D407BB98623EB /* Urbanist-Regular.ttf */; };
		13B07FBF1A68108700A75B9A /* Images.xcassets in Resources */ = {isa = PBXBuildFile; fileRef = 13B07FB51A68108700A75B9A /* Images.xcassets */; };
		1692B4110BC845F7ACA23400 /* Urbanist-LightItalic.ttf in Resources */ = {isa = PBXBuildFile; fileRef = C06EA8956E554D0FA4265D4C /* Urbanist-LightItalic.ttf */; };
		1873D8881FBB48669C67DC60 /* Urbanist-Bold.ttf in Resources */ = {isa = PBXBuildFile; fileRef = E2DFD56AB88C450B90F1705E /* Urbanist-Bold.ttf */; };
		1D18314897674A75BCC1DEC4 /* Urbanist-Medium.ttf in Resources */ = {isa = PBXBuildFile; fileRef = 49466464EABB453F91C39143 /* Urbanist-Medium.ttf */; };
		39540E8B61E14E1BB082FE24 /* BootSplash.storyboard in Resources */ = {isa = PBXBuildFile; fileRef = F1F3D70C1CB4452B8AAE46AA /* BootSplash.storyboard */; };
		3C9629B3CC974C63B941F3EC /* Urbanist-MediumItalic.ttf in Resources */ = {isa = PBXBuildFile; fileRef = 2FA6E5234A0143528EC27BF8 /* Urbanist-MediumItalic.ttf */; };
		455D1DE925EC4C59B7F49E2E /* Urbanist-Black.ttf in Resources */ = {isa = PBXBuildFile; fileRef = 65E72159173B4AC39779BA3C /* Urbanist-Black.ttf */; };
		4897CC7F5FD44960ACC5D713 /* Urbanist-BlackItalic.ttf in Resources */ = {isa = PBXBuildFile; fileRef = D30B9D9961824352980FB375 /* Urbanist-BlackItalic.ttf */; };
		4F4429BB19AC4FCEB556EBE4 /* Urbanist-ExtraLight.ttf in Resources */ = {isa = PBXBuildFile; fileRef = 89D63011789240BD9907C40C /* Urbanist-ExtraLight.ttf */; };
		6D8F93912DBE8548006F8B5E /* AppDelegate.swift in Sources */ = {isa = PBXBuildFile; fileRef = 6D8F93902DBE8548006F8B5E /* AppDelegate.swift */; };
		6F0A5AAA2CAB96B10062ACCA /* GoogleService-Info.plist in Resources */ = {isa = PBXBuildFile; fileRef = 6F0A5AA92CAB96B10062ACCA /* GoogleService-Info.plist */; };
		6FD9E9022CA6C54E00E935E3 /* MaterialIcons.ttf in Resources */ = {isa = PBXBuildFile; fileRef = 6FD9E8FE2CA6C54E00E935E3 /* MaterialIcons.ttf */; };
		6FD9E9032CA6C54E00E935E3 /* EvilIcons.ttf in Resources */ = {isa = PBXBuildFile; fileRef = 6FD9E8F12CA6C54E00E935E3 /* EvilIcons.ttf */; };
		6FD9E9042CA6C54E00E935E3 /* SimpleLineIcons.ttf in Resources */ = {isa = PBXBuildFile; fileRef = 6FD9E9002CA6C54E00E935E3 /* SimpleLineIcons.ttf */; };
		6FD9E9052CA6C54E00E935E3 /* Entypo.ttf in Resources */ = {isa = PBXBuildFile; fileRef = 6FD9E8F02CA6C54E00E935E3 /* Entypo.ttf */; };
		6FD9E9062CA6C54E00E935E3 /* Ionicons.ttf in Resources */ = {isa = PBXBuildFile; fileRef = 6FD9E8FC2CA6C54E00E935E3 /* Ionicons.ttf */; };
		6FD9E9072CA6C54E00E935E3 /* Fontisto.ttf in Resources */ = {isa = PBXBuildFile; fileRef = 6FD9E8FA2CA6C54E00E935E3 /* Fontisto.ttf */; };
		6FD9E9082CA6C54E00E935E3 /* AntDesign.ttf in Resources */ = {isa = PBXBuildFile; fileRef = 6FD9E8EF2CA6C54E00E935E3 /* AntDesign.ttf */; };
		6FD9E9092CA6C54E00E935E3 /* FontAwesome5_Regular.ttf in Resources */ = {isa = PBXBuildFile; fileRef = 6FD9E8F52CA6C54E00E935E3 /* FontAwesome5_Regular.ttf */; };
		6FD9E90A2CA6C54E00E935E3 /* Feather.ttf in Resources */ = {isa = PBXBuildFile; fileRef = 6FD9E8F22CA6C54E00E935E3 /* Feather.ttf */; };
		6FD9E90B2CA6C54E00E935E3 /* FontAwesome.ttf in Resources */ = {isa = PBXBuildFile; fileRef = 6FD9E8F32CA6C54E00E935E3 /* FontAwesome.ttf */; };
		6FD9E90C2CA6C54E00E935E3 /* FontAwesome5_Brands.ttf in Resources */ = {isa = PBXBuildFile; fileRef = 6FD9E8F42CA6C54E00E935E3 /* FontAwesome5_Brands.ttf */; };
		6FD9E90D2CA6C54E00E935E3 /* FontAwesome6_Regular.ttf in Resources */ = {isa = PBXBuildFile; fileRef = 6FD9E8F82CA6C54E00E935E3 /* FontAwesome6_Regular.ttf */; };
		6FD9E90E2CA6C54E00E935E3 /* Foundation.ttf in Resources */ = {isa = PBXBuildFile; fileRef = 6FD9E8FB2CA6C54E00E935E3 /* Foundation.ttf */; };
		6FD9E90F2CA6C54E00E935E3 /* Zocial.ttf in Resources */ = {isa = PBXBuildFile; fileRef = 6FD9E9012CA6C54E00E935E3 /* Zocial.ttf */; };
		6FD9E9102CA6C54E00E935E3 /* Octicons.ttf in Resources */ = {isa = PBXBuildFile; fileRef = 6FD9E8FF2CA6C54E00E935E3 /* Octicons.ttf */; };
		6FD9E9112CA6C54E00E935E3 /* MaterialCommunityIcons.ttf in Resources */ = {isa = PBXBuildFile; fileRef = 6FD9E8FD2CA6C54E00E935E3 /* MaterialCommunityIcons.ttf */; };
		6FD9E9122CA6C54E00E935E3 /* FontAwesome6_Brands.ttf in Resources */ = {isa = PBXBuildFile; fileRef = 6FD9E8F72CA6C54E00E935E3 /* FontAwesome6_Brands.ttf */; };
		6FD9E9132CA6C54E00E935E3 /* FontAwesome5_Solid.ttf in Resources */ = {isa = PBXBuildFile; fileRef = 6FD9E8F62CA6C54E00E935E3 /* FontAwesome5_Solid.ttf */; };
		6FD9E9142CA6C54E00E935E3 /* FontAwesome6_Solid.ttf in Resources */ = {isa = PBXBuildFile; fileRef = 6FD9E8F92CA6C54E00E935E3 /* FontAwesome6_Solid.ttf */; };
		787DFAAE06C94815BDCB4729 /* Urbanist-ThinItalic.ttf in Resources */ = {isa = PBXBuildFile; fileRef = AEC88F053584489C90826347 /* Urbanist-ThinItalic.ttf */; };
		8151B75E2C15439C8E6D8D96 /* Urbanist-SemiBold.ttf in Resources */ = {isa = PBXBuildFile; fileRef = D85B1D90F3BF45E6BAF31C5D /* Urbanist-SemiBold.ttf */; };
		89FD37DBF88B4BC58BE2E69C /* Urbanist-ExtraBold.ttf in Resources */ = {isa = PBXBuildFile; fileRef = 2CF46D58F8864C06954D79DA /* Urbanist-ExtraBold.ttf */; };
		92ACA83317DBCC4EF9F376AB /* PrivacyInfo.xcprivacy in Resources */ = {isa = PBXBuildFile; fileRef = 60190B17865A04F35D10F75A /* PrivacyInfo.xcprivacy */; };
		9D72F284CE544E029A293D7A /* Urbanist-Light.ttf in Resources */ = {isa = PBXBuildFile; fileRef = A646B52FF88B435BA4E6AEA6 /* Urbanist-Light.ttf */; };
		A3B4B187A8184871AE6112BA /* Urbanist-SemiBoldItalic.ttf in Resources */ = {isa = PBXBuildFile; fileRef = BB3C5630D80A4D8FA2597D62 /* Urbanist-SemiBoldItalic.ttf */; };
		BCBA1C776FFD4B3896B64524 /* Urbanist-Italic.ttf in Resources */ = {isa = PBXBuildFile; fileRef = 5A2EE8C4D1A84DA7AF18C510 /* Urbanist-Italic.ttf */; };
		D7A86624BB1D4298B2E54B3E /* Urbanist-ExtraBoldItalic.ttf in Resources */ = {isa = PBXBuildFile; fileRef = E9B74AC0482B452AB741BF06 /* Urbanist-ExtraBoldItalic.ttf */; };
		E24D1DF0ADA943A488A4307D /* Colors.xcassets in Resources */ = {isa = PBXBuildFile; fileRef = 0E886594945F498288C3F968 /* Colors.xcassets */; };
		E6BE2D79840C439BA088FB48 /* Urbanist-ExtraLightItalic.ttf in Resources */ = {isa = PBXBuildFile; fileRef = 291222F40BDD480CAEE360ED /* Urbanist-ExtraLightItalic.ttf */; };
		F1BE85A345EC226D5B155A06 /* Pods_yarsha.framework in Frameworks */ = {isa = PBXBuildFile; fileRef = F013C3351905DA9655268E90 /* Pods_yarsha.framework */; };
		F705A7F086264F54B96CA82B /* Urbanist-BoldItalic.ttf in Resources */ = {isa = PBXBuildFile; fileRef = 2A7518756DA94BA6BD5A4BEC /* Urbanist-BoldItalic.ttf */; };
/* End PBXBuildFile section */

/* Begin PBXFileReference section */
		00E356F11AD99517003FC87E /* Info.plist */ = {isa = PBXFileReference; lastKnownFileType = text.plist.xml; path = Info.plist; sourceTree = "<group>"; };
		00E356F21AD99517003FC87E /* yarshaTests.m */ = {isa = PBXFileReference; lastKnownFileType = sourcecode.c.objc; path = yarshaTests.m; sourceTree = "<group>"; };
		0E886594945F498288C3F968 /* Colors.xcassets */ = {isa = PBXFileReference; explicitFileType = undefined; fileEncoding = 9; includeInIndex = 0; lastKnownFileType = folder.assetcatalog; name = Colors.xcassets; path = yarsha/Colors.xcassets; sourceTree = "<group>"; };
		13B07F961A680F5B00A75B9A /* yarsha.app */ = {isa = PBXFileReference; explicitFileType = wrapper.application; includeInIndex = 0; path = yarsha.app; sourceTree = BUILT_PRODUCTS_DIR; };
		13B07FB51A68108700A75B9A /* Images.xcassets */ = {isa = PBXFileReference; lastKnownFileType = folder.assetcatalog; name = Images.xcassets; path = yarsha/Images.xcassets; sourceTree = "<group>"; };
		13B07FB61A68108700A75B9A /* Info.plist */ = {isa = PBXFileReference; fileEncoding = 4; lastKnownFileType = text.plist.xml; name = Info.plist; path = yarsha/Info.plist; sourceTree = "<group>"; };
		13B07FB81A68108700A75B9A /* PrivacyInfo.xcprivacy */ = {isa = PBXFileReference; fileEncoding = 4; lastKnownFileType = text.plist.xml; name = PrivacyInfo.xcprivacy; path = yarsha/PrivacyInfo.xcprivacy; sourceTree = "<group>"; };
		291222F40BDD480CAEE360ED /* Urbanist-ExtraLightItalic.ttf */ = {isa = PBXFileReference; explicitFileType = undefined; fileEncoding = 9; includeInIndex = 0; lastKnownFileType = unknown; name = "Urbanist-ExtraLightItalic.ttf"; path = "../src/theme/assets/fonts/Urbanist-ExtraLightItalic.ttf"; sourceTree = "<group>"; };
		2A7518756DA94BA6BD5A4BEC /* Urbanist-BoldItalic.ttf */ = {isa = PBXFileReference; explicitFileType = undefined; fileEncoding = 9; includeInIndex = 0; lastKnownFileType = unknown; name = "Urbanist-BoldItalic.ttf"; path = "../src/theme/assets/fonts/Urbanist-BoldItalic.ttf"; sourceTree = "<group>"; };
		2CF46D58F8864C06954D79DA /* Urbanist-ExtraBold.ttf */ = {isa = PBXFileReference; explicitFileType = undefined; fileEncoding = 9; includeInIndex = 0; lastKnownFileType = unknown; name = "Urbanist-ExtraBold.ttf"; path = "../src/theme/assets/fonts/Urbanist-ExtraBold.ttf"; sourceTree = "<group>"; };
		2FA6E5234A0143528EC27BF8 /* Urbanist-MediumItalic.ttf */ = {isa = PBXFileReference; explicitFileType = undefined; fileEncoding = 9; includeInIndex = 0; lastKnownFileType = unknown; name = "Urbanist-MediumItalic.ttf"; path = "../src/theme/assets/fonts/Urbanist-MediumItalic.ttf"; sourceTree = "<group>"; };
		49466464EABB453F91C39143 /* Urbanist-Medium.ttf */ = {isa = PBXFileReference; explicitFileType = undefined; fileEncoding = 9; includeInIndex = 0; lastKnownFileType = unknown; name = "Urbanist-Medium.ttf"; path = "../src/theme/assets/fonts/Urbanist-Medium.ttf"; sourceTree = "<group>"; };
		550612095007E197E334E8BD /* Pods-yarsha.debug.xcconfig */ = {isa = PBXFileReference; includeInIndex = 1; lastKnownFileType = text.xcconfig; name = "Pods-yarsha.debug.xcconfig"; path = "Target Support Files/Pods-yarsha/Pods-yarsha.debug.xcconfig"; sourceTree = "<group>"; };
		5A2EE8C4D1A84DA7AF18C510 /* Urbanist-Italic.ttf */ = {isa = PBXFileReference; explicitFileType = undefined; fileEncoding = 9; includeInIndex = 0; lastKnownFileType = unknown; name = "Urbanist-Italic.ttf"; path = "../src/theme/assets/fonts/Urbanist-Italic.ttf"; sourceTree = "<group>"; };
		60190B17865A04F35D10F75A /* PrivacyInfo.xcprivacy */ = {isa = PBXFileReference; includeInIndex = 1; lastKnownFileType = text.xml; name = PrivacyInfo.xcprivacy; path = yarsha/PrivacyInfo.xcprivacy; sourceTree = "<group>"; };
		65E72159173B4AC39779BA3C /* Urbanist-Black.ttf */ = {isa = PBXFileReference; explicitFileType = undefined; fileEncoding = 9; includeInIndex = 0; lastKnownFileType = unknown; name = "Urbanist-Black.ttf"; path = "../src/theme/assets/fonts/Urbanist-Black.ttf"; sourceTree = "<group>"; };
		6D8F93902DBE8548006F8B5E /* AppDelegate.swift */ = {isa = PBXFileReference; lastKnownFileType = sourcecode.swift; path = AppDelegate.swift; sourceTree = "<group>"; };
		6F0A5AA92CAB96B10062ACCA /* GoogleService-Info.plist */ = {isa = PBXFileReference; lastKnownFileType = text.plist.xml; path = "GoogleService-Info.plist"; sourceTree = "<group>"; };
		6FD9E8EF2CA6C54E00E935E3 /* AntDesign.ttf */ = {isa = PBXFileReference; lastKnownFileType = file; path = AntDesign.ttf; sourceTree = "<group>"; };
		6FD9E8F02CA6C54E00E935E3 /* Entypo.ttf */ = {isa = PBXFileReference; lastKnownFileType = file; path = Entypo.ttf; sourceTree = "<group>"; };
		6FD9E8F12CA6C54E00E935E3 /* EvilIcons.ttf */ = {isa = PBXFileReference; lastKnownFileType = file; path = EvilIcons.ttf; sourceTree = "<group>"; };
		6FD9E8F22CA6C54E00E935E3 /* Feather.ttf */ = {isa = PBXFileReference; lastKnownFileType = file; path = Feather.ttf; sourceTree = "<group>"; };
		6FD9E8F32CA6C54E00E935E3 /* FontAwesome.ttf */ = {isa = PBXFileReference; lastKnownFileType = file; path = FontAwesome.ttf; sourceTree = "<group>"; };
		6FD9E8F42CA6C54E00E935E3 /* FontAwesome5_Brands.ttf */ = {isa = PBXFileReference; lastKnownFileType = file; path = FontAwesome5_Brands.ttf; sourceTree = "<group>"; };
		6FD9E8F52CA6C54E00E935E3 /* FontAwesome5_Regular.ttf */ = {isa = PBXFileReference; lastKnownFileType = file; path = FontAwesome5_Regular.ttf; sourceTree = "<group>"; };
		6FD9E8F62CA6C54E00E935E3 /* FontAwesome5_Solid.ttf */ = {isa = PBXFileReference; lastKnownFileType = file; path = FontAwesome5_Solid.ttf; sourceTree = "<group>"; };
		6FD9E8F72CA6C54E00E935E3 /* FontAwesome6_Brands.ttf */ = {isa = PBXFileReference; lastKnownFileType = file; path = FontAwesome6_Brands.ttf; sourceTree = "<group>"; };
		6FD9E8F82CA6C54E00E935E3 /* FontAwesome6_Regular.ttf */ = {isa = PBXFileReference; lastKnownFileType = file; path = FontAwesome6_Regular.ttf; sourceTree = "<group>"; };
		6FD9E8F92CA6C54E00E935E3 /* FontAwesome6_Solid.ttf */ = {isa = PBXFileReference; lastKnownFileType = file; path = FontAwesome6_Solid.ttf; sourceTree = "<group>"; };
		6FD9E8FA2CA6C54E00E935E3 /* Fontisto.ttf */ = {isa = PBXFileReference; lastKnownFileType = file; path = Fontisto.ttf; sourceTree = "<group>"; };
		6FD9E8FB2CA6C54E00E935E3 /* Foundation.ttf */ = {isa = PBXFileReference; lastKnownFileType = file; path = Foundation.ttf; sourceTree = "<group>"; };
		6FD9E8FC2CA6C54E00E935E3 /* Ionicons.ttf */ = {isa = PBXFileReference; lastKnownFileType = file; path = Ionicons.ttf; sourceTree = "<group>"; };
		6FD9E8FD2CA6C54E00E935E3 /* MaterialCommunityIcons.ttf */ = {isa = PBXFileReference; lastKnownFileType = file; path = MaterialCommunityIcons.ttf; sourceTree = "<group>"; };
		6FD9E8FE2CA6C54E00E935E3 /* MaterialIcons.ttf */ = {isa = PBXFileReference; lastKnownFileType = file; path = MaterialIcons.ttf; sourceTree = "<group>"; };
		6FD9E8FF2CA6C54E00E935E3 /* Octicons.ttf */ = {isa = PBXFileReference; lastKnownFileType = file; path = Octicons.ttf; sourceTree = "<group>"; };
		6FD9E9002CA6C54E00E935E3 /* SimpleLineIcons.ttf */ = {isa = PBXFileReference; lastKnownFileType = file; path = SimpleLineIcons.ttf; sourceTree = "<group>"; };
		6FD9E9012CA6C54E00E935E3 /* Zocial.ttf */ = {isa = PBXFileReference; lastKnownFileType = file; path = Zocial.ttf; sourceTree = "<group>"; };
		6FD9E9152CA9103400E935E3 /* yarsha.entitlements */ = {isa = PBXFileReference; lastKnownFileType = text.plist.entitlements; name = yarsha.entitlements; path = yarsha/yarsha.entitlements; sourceTree = "<group>"; };
		89D63011789240BD9907C40C /* Urbanist-ExtraLight.ttf */ = {isa = PBXFileReference; explicitFileType = undefined; fileEncoding = 9; includeInIndex = 0; lastKnownFileType = unknown; name = "Urbanist-ExtraLight.ttf"; path = "../src/theme/assets/fonts/Urbanist-ExtraLight.ttf"; sourceTree = "<group>"; };
		9C91BCABAD0D407BB98623EB /* Urbanist-Regular.ttf */ = {isa = PBXFileReference; explicitFileType = undefined; fileEncoding = 9; includeInIndex = 0; lastKnownFileType = unknown; name = "Urbanist-Regular.ttf"; path = "../src/theme/assets/fonts/Urbanist-Regular.ttf"; sourceTree = "<group>"; };
		A39ABC7E21FB8E1A1A78F983 /* Pods-yarsha.release.xcconfig */ = {isa = PBXFileReference; includeInIndex = 1; lastKnownFileType = text.xcconfig; name = "Pods-yarsha.release.xcconfig"; path = "Target Support Files/Pods-yarsha/Pods-yarsha.release.xcconfig"; sourceTree = "<group>"; };
		A646B52FF88B435BA4E6AEA6 /* Urbanist-Light.ttf */ = {isa = PBXFileReference; explicitFileType = undefined; fileEncoding = 9; includeInIndex = 0; lastKnownFileType = unknown; name = "Urbanist-Light.ttf"; path = "../src/theme/assets/fonts/Urbanist-Light.ttf"; sourceTree = "<group>"; };
		AEC88F053584489C90826347 /* Urbanist-ThinItalic.ttf */ = {isa = PBXFileReference; explicitFileType = undefined; fileEncoding = 9; includeInIndex = 0; lastKnownFileType = unknown; name = "Urbanist-ThinItalic.ttf"; path = "../src/theme/assets/fonts/Urbanist-ThinItalic.ttf"; sourceTree = "<group>"; };
		BB3C5630D80A4D8FA2597D62 /* Urbanist-SemiBoldItalic.ttf */ = {isa = PBXFileReference; explicitFileType = undefined; fileEncoding = 9; includeInIndex = 0; lastKnownFileType = unknown; name = "Urbanist-SemiBoldItalic.ttf"; path = "../src/theme/assets/fonts/Urbanist-SemiBoldItalic.ttf"; sourceTree = "<group>"; };
		C06EA8956E554D0FA4265D4C /* Urbanist-LightItalic.ttf */ = {isa = PBXFileReference; explicitFileType = undefined; fileEncoding = 9; includeInIndex = 0; lastKnownFileType = unknown; name = "Urbanist-LightItalic.ttf"; path = "../src/theme/assets/fonts/Urbanist-LightItalic.ttf"; sourceTree = "<group>"; };
		CE0B7C363114456CBC3C082C /* Urbanist-Thin.ttf */ = {isa = PBXFileReference; explicitFileType = undefined; fileEncoding = 9; includeInIndex = 0; lastKnownFileType = unknown; name = "Urbanist-Thin.ttf"; path = "../src/theme/assets/fonts/Urbanist-Thin.ttf"; sourceTree = "<group>"; };
		D30B9D9961824352980FB375 /* Urbanist-BlackItalic.ttf */ = {isa = PBXFileReference; explicitFileType = undefined; fileEncoding = 9; includeInIndex = 0; lastKnownFileType = unknown; name = "Urbanist-BlackItalic.ttf"; path = "../src/theme/assets/fonts/Urbanist-BlackItalic.ttf"; sourceTree = "<group>"; };
		D85B1D90F3BF45E6BAF31C5D /* Urbanist-SemiBold.ttf */ = {isa = PBXFileReference; explicitFileType = undefined; fileEncoding = 9; includeInIndex = 0; lastKnownFileType = unknown; name = "Urbanist-SemiBold.ttf"; path = "../src/theme/assets/fonts/Urbanist-SemiBold.ttf"; sourceTree = "<group>"; };
		E2DFD56AB88C450B90F1705E /* Urbanist-Bold.ttf */ = {isa = PBXFileReference; explicitFileType = undefined; fileEncoding = 9; includeInIndex = 0; lastKnownFileType = unknown; name = "Urbanist-Bold.ttf"; path = "../src/theme/assets/fonts/Urbanist-Bold.ttf"; sourceTree = "<group>"; };
		E9B74AC0482B452AB741BF06 /* Urbanist-ExtraBoldItalic.ttf */ = {isa = PBXFileReference; explicitFileType = undefined; fileEncoding = 9; includeInIndex = 0; lastKnownFileType = unknown; name = "Urbanist-ExtraBoldItalic.ttf"; path = "../src/theme/assets/fonts/Urbanist-ExtraBoldItalic.ttf"; sourceTree = "<group>"; };
		ED297162215061F000B7C4FE /* JavaScriptCore.framework */ = {isa = PBXFileReference; lastKnownFileType = wrapper.framework; name = JavaScriptCore.framework; path = System/Library/Frameworks/JavaScriptCore.framework; sourceTree = SDKROOT; };
		F013C3351905DA9655268E90 /* Pods_yarsha.framework */ = {isa = PBXFileReference; explicitFileType = wrapper.framework; includeInIndex = 0; path = Pods_yarsha.framework; sourceTree = BUILT_PRODUCTS_DIR; };
		F1F3D70C1CB4452B8AAE46AA /* BootSplash.storyboard */ = {isa = PBXFileReference; explicitFileType = undefined; fileEncoding = 9; includeInIndex = 0; lastKnownFileType = unknown; name = BootSplash.storyboard; path = yarsha/BootSplash.storyboard; sourceTree = "<group>"; };
/* End PBXFileReference section */

/* Begin PBXFrameworksBuildPhase section */
		13B07F8C1A680F5B00A75B9A /* Frameworks */ = {
			isa = PBXFrameworksBuildPhase;
			buildActionMask = 2147483647;
			files = (
				F1BE85A345EC226D5B155A06 /* Pods_yarsha.framework in Frameworks */,
			);
			runOnlyForDeploymentPostprocessing = 0;
		};
/* End PBXFrameworksBuildPhase section */

/* Begin PBXGroup section */
		00E356EF1AD99517003FC87E /* yarshaTests */ = {
			isa = PBXGroup;
			children = (
				00E356F21AD99517003FC87E /* yarshaTests.m */,
				00E356F01AD99517003FC87E /* Supporting Files */,
			);
			path = yarshaTests;
			sourceTree = "<group>";
		};
		00E356F01AD99517003FC87E /* Supporting Files */ = {
			isa = PBXGroup;
			children = (
				00E356F11AD99517003FC87E /* Info.plist */,
			);
			name = "Supporting Files";
			sourceTree = "<group>";
		};
		13B07FAE1A68108700A75B9A /* yarsha */ = {
			isa = PBXGroup;
			children = (
				6FD9E9152CA9103400E935E3 /* yarsha.entitlements */,
				6FD9E8EE2CA6C4FE00E935E3 /* Fonts */,
				13B07FB51A68108700A75B9A /* Images.xcassets */,
				13B07FB61A68108700A75B9A /* Info.plist */,
				13B07FB81A68108700A75B9A /* PrivacyInfo.xcprivacy */,
				60190B17865A04F35D10F75A /* PrivacyInfo.xcprivacy */,
				F1F3D70C1CB4452B8AAE46AA /* BootSplash.storyboard */,
				0E886594945F498288C3F968 /* Colors.xcassets */,
				6D8F93902DBE8548006F8B5E /* AppDelegate.swift */,
			);
			name = yarsha;
			sourceTree = "<group>";
		};
		2D16E6871FA4F8E400B85C8A /* Frameworks */ = {
			isa = PBXGroup;
			children = (
				ED297162215061F000B7C4FE /* JavaScriptCore.framework */,
				F013C3351905DA9655268E90 /* Pods_yarsha.framework */,
			);
			name = Frameworks;
			sourceTree = "<group>";
		};
		6FBD20AD0BDC4E8A95D02162 /* Resources */ = {
			isa = PBXGroup;
			children = (
				65E72159173B4AC39779BA3C /* Urbanist-Black.ttf */,
				D30B9D9961824352980FB375 /* Urbanist-BlackItalic.ttf */,
				E2DFD56AB88C450B90F1705E /* Urbanist-Bold.ttf */,
				2A7518756DA94BA6BD5A4BEC /* Urbanist-BoldItalic.ttf */,
				2CF46D58F8864C06954D79DA /* Urbanist-ExtraBold.ttf */,
				E9B74AC0482B452AB741BF06 /* Urbanist-ExtraBoldItalic.ttf */,
				89D63011789240BD9907C40C /* Urbanist-ExtraLight.ttf */,
				291222F40BDD480CAEE360ED /* Urbanist-ExtraLightItalic.ttf */,
				5A2EE8C4D1A84DA7AF18C510 /* Urbanist-Italic.ttf */,
				A646B52FF88B435BA4E6AEA6 /* Urbanist-Light.ttf */,
				C06EA8956E554D0FA4265D4C /* Urbanist-LightItalic.ttf */,
				49466464EABB453F91C39143 /* Urbanist-Medium.ttf */,
				2FA6E5234A0143528EC27BF8 /* Urbanist-MediumItalic.ttf */,
				9C91BCABAD0D407BB98623EB /* Urbanist-Regular.ttf */,
				D85B1D90F3BF45E6BAF31C5D /* Urbanist-SemiBold.ttf */,
				BB3C5630D80A4D8FA2597D62 /* Urbanist-SemiBoldItalic.ttf */,
				CE0B7C363114456CBC3C082C /* Urbanist-Thin.ttf */,
				AEC88F053584489C90826347 /* Urbanist-ThinItalic.ttf */,
			);
			name = Resources;
			sourceTree = "<group>";
		};
		6FD9E8EE2CA6C4FE00E935E3 /* Fonts */ = {
			isa = PBXGroup;
			children = (
				6FD9E8EF2CA6C54E00E935E3 /* AntDesign.ttf */,
				6FD9E8F02CA6C54E00E935E3 /* Entypo.ttf */,
				6FD9E8F12CA6C54E00E935E3 /* EvilIcons.ttf */,
				6FD9E8F22CA6C54E00E935E3 /* Feather.ttf */,
				6FD9E8F32CA6C54E00E935E3 /* FontAwesome.ttf */,
				6FD9E8F42CA6C54E00E935E3 /* FontAwesome5_Brands.ttf */,
				6FD9E8F52CA6C54E00E935E3 /* FontAwesome5_Regular.ttf */,
				6FD9E8F62CA6C54E00E935E3 /* FontAwesome5_Solid.ttf */,
				6FD9E8F72CA6C54E00E935E3 /* FontAwesome6_Brands.ttf */,
				6FD9E8F82CA6C54E00E935E3 /* FontAwesome6_Regular.ttf */,
				6FD9E8F92CA6C54E00E935E3 /* FontAwesome6_Solid.ttf */,
				6FD9E8FA2CA6C54E00E935E3 /* Fontisto.ttf */,
				6FD9E8FB2CA6C54E00E935E3 /* Foundation.ttf */,
				6FD9E8FC2CA6C54E00E935E3 /* Ionicons.ttf */,
				6FD9E8FD2CA6C54E00E935E3 /* MaterialCommunityIcons.ttf */,
				6FD9E8FE2CA6C54E00E935E3 /* MaterialIcons.ttf */,
				6FD9E8FF2CA6C54E00E935E3 /* Octicons.ttf */,
				6FD9E9002CA6C54E00E935E3 /* SimpleLineIcons.ttf */,
				6FD9E9012CA6C54E00E935E3 /* Zocial.ttf */,
			);
			path = Fonts;
			sourceTree = "<group>";
		};
		832341AE1AAA6A7D00B99B32 /* Libraries */ = {
			isa = PBXGroup;
			children = (
			);
			name = Libraries;
			sourceTree = "<group>";
		};
		83CBB9F61A601CBA00E9B192 = {
			isa = PBXGroup;
			children = (
				6F0A5AA92CAB96B10062ACCA /* GoogleService-Info.plist */,
				13B07FAE1A68108700A75B9A /* yarsha */,
				832341AE1AAA6A7D00B99B32 /* Libraries */,
				00E356EF1AD99517003FC87E /* yarshaTests */,
				83CBBA001A601CBA00E9B192 /* Products */,
				2D16E6871FA4F8E400B85C8A /* Frameworks */,
				BBD78D7AC51CEA395F1C20DB /* Pods */,
				6FBD20AD0BDC4E8A95D02162 /* Resources */,
			);
			indentWidth = 2;
			sourceTree = "<group>";
			tabWidth = 2;
			usesTabs = 0;
		};
		83CBBA001A601CBA00E9B192 /* Products */ = {
			isa = PBXGroup;
			children = (
				13B07F961A680F5B00A75B9A /* yarsha.app */,
			);
			name = Products;
			sourceTree = "<group>";
		};
		BBD78D7AC51CEA395F1C20DB /* Pods */ = {
			isa = PBXGroup;
			children = (
				550612095007E197E334E8BD /* Pods-yarsha.debug.xcconfig */,
				A39ABC7E21FB8E1A1A78F983 /* Pods-yarsha.release.xcconfig */,
			);
			path = Pods;
			sourceTree = "<group>";
		};
/* End PBXGroup section */

/* Begin PBXNativeTarget section */
		13B07F861A680F5B00A75B9A /* yarsha */ = {
			isa = PBXNativeTarget;
			buildConfigurationList = 13B07F931A680F5B00A75B9A /* Build configuration list for PBXNativeTarget "yarsha" */;
			buildPhases = (
				A87B9C614E0EB3E834B72197 /* [CP] Check Pods Manifest.lock */,
				13B07F871A680F5B00A75B9A /* Sources */,
				13B07F8C1A680F5B00A75B9A /* Frameworks */,
				13B07F8E1A680F5B00A75B9A /* Resources */,
				00DD1BFF1BD5951E006B06BC /* Bundle React Native code and images */,
				43158B50B5854A97BBC57844 /* Upload Debug Symbols to Sentry */,
				64AB3835CC82E0DA701E79EE /* [CP] Embed Pods Frameworks */,
				1FEFC8C0FA8FB563429639A6 /* [CP] Copy Pods Resources */,
				2425D5F652F73E587921AE75 /* [CP-User] [RNFB] Core Configuration */,
				47985B1D4535B7D61997044A /* [CP-User] [RNFB] Crashlytics Configuration */,
			);
			buildRules = (
			);
			dependencies = (
			);
			name = yarsha;
			productName = yarsha;
			productReference = 13B07F961A680F5B00A75B9A /* yarsha.app */;
			productType = "com.apple.product-type.application";
		};
/* End PBXNativeTarget section */

/* Begin PBXProject section */
		83CBB9F71A601CBA00E9B192 /* Project object */ = {
			isa = PBXProject;
			attributes = {
				LastUpgradeCheck = 1210;
				TargetAttributes = {
					13B07F861A680F5B00A75B9A = {
						LastSwiftMigration = 1620;
					};
				};
			};
			buildConfigurationList = 83CBB9FA1A601CBA00E9B192 /* Build configuration list for PBXProject "yarsha" */;
			compatibilityVersion = "Xcode 12.0";
			developmentRegion = en;
			hasScannedForEncodings = 0;
			knownRegions = (
				en,
				Base,
			);
			mainGroup = 83CBB9F61A601CBA00E9B192;
			productRefGroup = 83CBBA001A601CBA00E9B192 /* Products */;
			projectDirPath = "";
			projectRoot = "";
			targets = (
				13B07F861A680F5B00A75B9A /* yarsha */,
			);
		};
/* End PBXProject section */

/* Begin PBXResourcesBuildPhase section */
		13B07F8E1A680F5B00A75B9A /* Resources */ = {
			isa = PBXResourcesBuildPhase;
			buildActionMask = 2147483647;
			files = (
				13B07FBF1A68108700A75B9A /* Images.xcassets in Resources */,
				92ACA83317DBCC4EF9F376AB /* PrivacyInfo.xcprivacy in Resources */,
				455D1DE925EC4C59B7F49E2E /* Urbanist-Black.ttf in Resources */,
				4897CC7F5FD44960ACC5D713 /* Urbanist-BlackItalic.ttf in Resources */,
				1873D8881FBB48669C67DC60 /* Urbanist-Bold.ttf in Resources */,
				F705A7F086264F54B96CA82B /* Urbanist-BoldItalic.ttf in Resources */,
				89FD37DBF88B4BC58BE2E69C /* Urbanist-ExtraBold.ttf in Resources */,
				D7A86624BB1D4298B2E54B3E /* Urbanist-ExtraBoldItalic.ttf in Resources */,
				4F4429BB19AC4FCEB556EBE4 /* Urbanist-ExtraLight.ttf in Resources */,
				E6BE2D79840C439BA088FB48 /* Urbanist-ExtraLightItalic.ttf in Resources */,
				BCBA1C776FFD4B3896B64524 /* Urbanist-Italic.ttf in Resources */,
				9D72F284CE544E029A293D7A /* Urbanist-Light.ttf in Resources */,
				1692B4110BC845F7ACA23400 /* Urbanist-LightItalic.ttf in Resources */,
				1D18314897674A75BCC1DEC4 /* Urbanist-Medium.ttf in Resources */,
				3C9629B3CC974C63B941F3EC /* Urbanist-MediumItalic.ttf in Resources */,
				0D065304728B4469A0B61275 /* Urbanist-Regular.ttf in Resources */,
				8151B75E2C15439C8E6D8D96 /* Urbanist-SemiBold.ttf in Resources */,
				6FD9E9022CA6C54E00E935E3 /* MaterialIcons.ttf in Resources */,
				6FD9E9032CA6C54E00E935E3 /* EvilIcons.ttf in Resources */,
				6FD9E9042CA6C54E00E935E3 /* SimpleLineIcons.ttf in Resources */,
				6FD9E9052CA6C54E00E935E3 /* Entypo.ttf in Resources */,
				6FD9E9062CA6C54E00E935E3 /* Ionicons.ttf in Resources */,
				6FD9E9072CA6C54E00E935E3 /* Fontisto.ttf in Resources */,
				6FD9E9082CA6C54E00E935E3 /* AntDesign.ttf in Resources */,
				6FD9E9092CA6C54E00E935E3 /* FontAwesome5_Regular.ttf in Resources */,
				6FD9E90A2CA6C54E00E935E3 /* Feather.ttf in Resources */,
				6FD9E90B2CA6C54E00E935E3 /* FontAwesome.ttf in Resources */,
				6FD9E90C2CA6C54E00E935E3 /* FontAwesome5_Brands.ttf in Resources */,
				6FD9E90D2CA6C54E00E935E3 /* FontAwesome6_Regular.ttf in Resources */,
				6FD9E90E2CA6C54E00E935E3 /* Foundation.ttf in Resources */,
				6FD9E90F2CA6C54E00E935E3 /* Zocial.ttf in Resources */,
				6FD9E9102CA6C54E00E935E3 /* Octicons.ttf in Resources */,
				6FD9E9112CA6C54E00E935E3 /* MaterialCommunityIcons.ttf in Resources */,
				6FD9E9122CA6C54E00E935E3 /* FontAwesome6_Brands.ttf in Resources */,
				6FD9E9132CA6C54E00E935E3 /* FontAwesome5_Solid.ttf in Resources */,
				6FD9E9142CA6C54E00E935E3 /* FontAwesome6_Solid.ttf in Resources */,
				A3B4B187A8184871AE6112BA /* Urbanist-SemiBoldItalic.ttf in Resources */,
				09E2F280A46B4DDBB001D190 /* Urbanist-Thin.ttf in Resources */,
				787DFAAE06C94815BDCB4729 /* Urbanist-ThinItalic.ttf in Resources */,
				39540E8B61E14E1BB082FE24 /* BootSplash.storyboard in Resources */,
				E24D1DF0ADA943A488A4307D /* Colors.xcassets in Resources */,
				6F0A5AAA2CAB96B10062ACCA /* GoogleService-Info.plist in Resources */,
			);
			runOnlyForDeploymentPostprocessing = 0;
		};
/* End PBXResourcesBuildPhase section */

/* Begin PBXShellScriptBuildPhase section */
		00DD1BFF1BD5951E006B06BC /* Bundle React Native code and images */ = {
			isa = PBXShellScriptBuildPhase;
			buildActionMask = 2147483647;
			files = (
			);
			inputPaths = (
				"$(SRCROOT)/.xcode.env.local",
				"$(SRCROOT)/.xcode.env",
			);
			name = "Bundle React Native code and images";
			outputPaths = (
			);
			runOnlyForDeploymentPostprocessing = 0;
			shellPath = /bin/sh;
			shellScript = "set -e\n\nWITH_ENVIRONMENT=\"$REACT_NATIVE_PATH/scripts/xcode/with-environment.sh\"\nREACT_NATIVE_XCODE=\"$REACT_NATIVE_PATH/scripts/react-native-xcode.sh\"\n\n/bin/sh -c \"$WITH_ENVIRONMENT \\\"/bin/sh ../node_modules/@sentry/react-native/scripts/sentry-xcode.sh $REACT_NATIVE_XCODE\\\"\"\n";
		};
		1FEFC8C0FA8FB563429639A6 /* [CP] Copy Pods Resources */ = {
			isa = PBXShellScriptBuildPhase;
			buildActionMask = 2147483647;
			files = (
			);
			inputFileListPaths = (
				"${PODS_ROOT}/Target Support Files/Pods-yarsha/Pods-yarsha-resources-${CONFIGURATION}-input-files.xcfilelist",
			);
			name = "[CP] Copy Pods Resources";
			outputFileListPaths = (
				"${PODS_ROOT}/Target Support Files/Pods-yarsha/Pods-yarsha-resources-${CONFIGURATION}-output-files.xcfilelist",
			);
			runOnlyForDeploymentPostprocessing = 0;
			shellPath = /bin/sh;
			shellScript = "\"${PODS_ROOT}/Target Support Files/Pods-yarsha/Pods-yarsha-resources.sh\"\n";
			showEnvVarsInLog = 0;
		};
		2425D5F652F73E587921AE75 /* [CP-User] [RNFB] Core Configuration */ = {
			isa = PBXShellScriptBuildPhase;
			buildActionMask = 2147483647;
			files = (
			);
			inputPaths = (
				"$(BUILT_PRODUCTS_DIR)/$(INFOPLIST_PATH)",
			);
			name = "[CP-User] [RNFB] Core Configuration";
			runOnlyForDeploymentPostprocessing = 0;
			shellPath = /bin/sh;
			shellScript = "#!/usr/bin/env bash\n#\n# Copyright (c) 2016-present Invertase Limited & Contributors\n#\n# Licensed under the Apache License, Version 2.0 (the \"License\");\n# you may not use this library except in compliance with the License.\n# You may obtain a copy of the License at\n#\n#   http://www.apache.org/licenses/LICENSE-2.0\n#\n# Unless required by applicable law or agreed to in writing, software\n# distributed under the License is distributed on an \"AS IS\" BASIS,\n# WITHOUT WARRANTIES OR CONDITIONS OF ANY KIND, either express or implied.\n# See the License for the specific language governing permissions and\n# limitations under the License.\n#\n\n##########################################################################\n##########################################################################\n#\n#  NOTE THAT IF YOU CHANGE THIS FILE YOU MUST RUN pod install AFTERWARDS\n#\n#  This file is installed as an Xcode build script in the project file\n#  by cocoapods, and you will not see your changes until you pod install\n#\n##########################################################################\n##########################################################################\n\nset -e\n\n_MAX_LOOKUPS=2;\n_SEARCH_RESULT=''\n_RN_ROOT_EXISTS=''\n_CURRENT_LOOKUPS=1\n_JSON_ROOT=\"'react-native'\"\n_JSON_FILE_NAME='firebase.json'\n_JSON_OUTPUT_BASE64='e30=' # { }\n_CURRENT_SEARCH_DIR=${PROJECT_DIR}\n_PLIST_BUDDY=/usr/libexec/PlistBuddy\n_TARGET_PLIST=\"${BUILT_PRODUCTS_DIR}/${INFOPLIST_PATH}\"\n_DSYM_PLIST=\"${DWARF_DSYM_FOLDER_PATH}/${DWARF_DSYM_FILE_NAME}/Contents/Info.plist\"\n\n# plist arrays\n_PLIST_ENTRY_KEYS=()\n_PLIST_ENTRY_TYPES=()\n_PLIST_ENTRY_VALUES=()\n\nfunction setPlistValue {\n  echo \"info:      setting plist entry '$1' of type '$2' in file '$4'\"\n  ${_PLIST_BUDDY} -c \"Add :$1 $2 '$3'\" $4 || echo \"info:      '$1' already exists\"\n}\n\nfunction getFirebaseJsonKeyValue () {\n  if [[ ${_RN_ROOT_EXISTS} ]]; then\n    ruby -Ku -e \"require 'rubygems';require 'json'; output=JSON.parse('$1'); puts output[$_JSON_ROOT]['$2']\"\n  else\n    echo \"\"\n  fi;\n}\n\nfunction jsonBoolToYesNo () {\n  if [[ $1 == \"false\" ]]; then\n    echo \"NO\"\n  elif [[ $1 == \"true\" ]]; then\n    echo \"YES\"\n  else echo \"NO\"\n  fi\n}\n\necho \"info: -> RNFB build script started\"\necho \"info: 1) Locating ${_JSON_FILE_NAME} file:\"\n\nif [[ -z ${_CURRENT_SEARCH_DIR} ]]; then\n  _CURRENT_SEARCH_DIR=$(pwd)\nfi;\n\nwhile true; do\n  _CURRENT_SEARCH_DIR=$(dirname \"$_CURRENT_SEARCH_DIR\")\n  if [[ \"$_CURRENT_SEARCH_DIR\" == \"/\" ]] || [[ ${_CURRENT_LOOKUPS} -gt ${_MAX_LOOKUPS} ]]; then break; fi;\n  echo \"info:      ($_CURRENT_LOOKUPS of $_MAX_LOOKUPS) Searching in '$_CURRENT_SEARCH_DIR' for a ${_JSON_FILE_NAME} file.\"\n  _SEARCH_RESULT=$(find \"$_CURRENT_SEARCH_DIR\" -maxdepth 2 -name ${_JSON_FILE_NAME} -print | /usr/bin/head -n 1)\n  if [[ ${_SEARCH_RESULT} ]]; then\n    echo \"info:      ${_JSON_FILE_NAME} found at $_SEARCH_RESULT\"\n    break;\n  fi;\n  _CURRENT_LOOKUPS=$((_CURRENT_LOOKUPS+1))\ndone\n\nif [[ ${_SEARCH_RESULT} ]]; then\n  _JSON_OUTPUT_RAW=$(cat \"${_SEARCH_RESULT}\")\n  _RN_ROOT_EXISTS=$(ruby -Ku -e \"require 'rubygems';require 'json'; output=JSON.parse('$_JSON_OUTPUT_RAW'); puts output[$_JSON_ROOT]\" || echo '')\n\n  if [[ ${_RN_ROOT_EXISTS} ]]; then\n    if ! python3 --version >/dev/null 2>&1; then echo \"python3 not found, firebase.json file processing error.\" && exit 1; fi\n    _JSON_OUTPUT_BASE64=$(python3 -c 'import json,sys,base64;print(base64.b64encode(bytes(json.dumps(json.loads(open('\"'${_SEARCH_RESULT}'\"', '\"'rb'\"').read())['${_JSON_ROOT}']), '\"'utf-8'\"')).decode())' || echo \"e30=\")\n  fi\n\n  _PLIST_ENTRY_KEYS+=(\"firebase_json_raw\")\n  _PLIST_ENTRY_TYPES+=(\"string\")\n  _PLIST_ENTRY_VALUES+=(\"$_JSON_OUTPUT_BASE64\")\n\n  # config.app_data_collection_default_enabled\n  _APP_DATA_COLLECTION_ENABLED=$(getFirebaseJsonKeyValue \"$_JSON_OUTPUT_RAW\" \"app_data_collection_default_enabled\")\n  if [[ $_APP_DATA_COLLECTION_ENABLED ]]; then\n    _PLIST_ENTRY_KEYS+=(\"FirebaseDataCollectionDefaultEnabled\")\n    _PLIST_ENTRY_TYPES+=(\"bool\")\n    _PLIST_ENTRY_VALUES+=(\"$(jsonBoolToYesNo \"$_APP_DATA_COLLECTION_ENABLED\")\")\n  fi\n\n  # config.analytics_auto_collection_enabled\n  _ANALYTICS_AUTO_COLLECTION=$(getFirebaseJsonKeyValue \"$_JSON_OUTPUT_RAW\" \"analytics_auto_collection_enabled\")\n  if [[ $_ANALYTICS_AUTO_COLLECTION ]]; then\n    _PLIST_ENTRY_KEYS+=(\"FIREBASE_ANALYTICS_COLLECTION_ENABLED\")\n    _PLIST_ENTRY_TYPES+=(\"bool\")\n    _PLIST_ENTRY_VALUES+=(\"$(jsonBoolToYesNo \"$_ANALYTICS_AUTO_COLLECTION\")\")\n  fi\n\n  # config.analytics_collection_deactivated\n  _ANALYTICS_DEACTIVATED=$(getFirebaseJsonKeyValue \"$_JSON_OUTPUT_RAW\" \"analytics_collection_deactivated\")\n  if [[ $_ANALYTICS_DEACTIVATED ]]; then\n    _PLIST_ENTRY_KEYS+=(\"FIREBASE_ANALYTICS_COLLECTION_DEACTIVATED\")\n    _PLIST_ENTRY_TYPES+=(\"bool\")\n    _PLIST_ENTRY_VALUES+=(\"$(jsonBoolToYesNo \"$_ANALYTICS_DEACTIVATED\")\")\n  fi\n\n  # config.analytics_idfv_collection_enabled\n  _ANALYTICS_IDFV_COLLECTION=$(getFirebaseJsonKeyValue \"$_JSON_OUTPUT_RAW\" \"analytics_idfv_collection_enabled\")\n  if [[ $_ANALYTICS_IDFV_COLLECTION ]]; then\n    _PLIST_ENTRY_KEYS+=(\"GOOGLE_ANALYTICS_IDFV_COLLECTION_ENABLED\")\n    _PLIST_ENTRY_TYPES+=(\"bool\")\n    _PLIST_ENTRY_VALUES+=(\"$(jsonBoolToYesNo \"$_ANALYTICS_IDFV_COLLECTION\")\")\n  fi\n\n  # config.analytics_default_allow_analytics_storage\n  _ANALYTICS_STORAGE=$(getFirebaseJsonKeyValue \"$_JSON_OUTPUT_RAW\" \"analytics_default_allow_analytics_storage\")\n  if [[ $_ANALYTICS_STORAGE ]]; then\n    _PLIST_ENTRY_KEYS+=(\"GOOGLE_ANALYTICS_DEFAULT_ALLOW_ANALYTICS_STORAGE\")\n    _PLIST_ENTRY_TYPES+=(\"bool\")\n    _PLIST_ENTRY_VALUES+=(\"$(jsonBoolToYesNo \"$_ANALYTICS_STORAGE\")\")\n  fi\n\n  # config.analytics_default_allow_ad_storage\n  _ANALYTICS_AD_STORAGE=$(getFirebaseJsonKeyValue \"$_JSON_OUTPUT_RAW\" \"analytics_default_allow_ad_storage\")\n  if [[ $_ANALYTICS_AD_STORAGE ]]; then\n    _PLIST_ENTRY_KEYS+=(\"GOOGLE_ANALYTICS_DEFAULT_ALLOW_AD_STORAGE\")\n    _PLIST_ENTRY_TYPES+=(\"bool\")\n    _PLIST_ENTRY_VALUES+=(\"$(jsonBoolToYesNo \"$_ANALYTICS_AD_STORAGE\")\")\n  fi\n\n  # config.analytics_default_allow_ad_user_data\n  _ANALYTICS_AD_USER_DATA=$(getFirebaseJsonKeyValue \"$_JSON_OUTPUT_RAW\" \"analytics_default_allow_ad_user_data\")\n  if [[ $_ANALYTICS_AD_USER_DATA ]]; then\n    _PLIST_ENTRY_KEYS+=(\"GOOGLE_ANALYTICS_DEFAULT_ALLOW_AD_USER_DATA\")\n    _PLIST_ENTRY_TYPES+=(\"bool\")\n    _PLIST_ENTRY_VALUES+=(\"$(jsonBoolToYesNo \"$_ANALYTICS_AD_USER_DATA\")\")\n  fi\n\n  # config.analytics_default_allow_ad_personalization_signals\n  _ANALYTICS_PERSONALIZATION=$(getFirebaseJsonKeyValue \"$_JSON_OUTPUT_RAW\" \"analytics_default_allow_ad_personalization_signals\")\n  if [[ $_ANALYTICS_PERSONALIZATION ]]; then\n    _PLIST_ENTRY_KEYS+=(\"GOOGLE_ANALYTICS_DEFAULT_ALLOW_AD_PERSONALIZATION_SIGNALS\")\n    _PLIST_ENTRY_TYPES+=(\"bool\")\n    _PLIST_ENTRY_VALUES+=(\"$(jsonBoolToYesNo \"$_ANALYTICS_PERSONALIZATION\")\")\n  fi\n\n  # config.analytics_registration_with_ad_network_enabled\n  _ANALYTICS_REGISTRATION_WITH_AD_NETWORK=$(getFirebaseJsonKeyValue \"$_JSON_OUTPUT_RAW\" \"google_analytics_registration_with_ad_network_enabled\")\n  if [[ $_ANALYTICS_REGISTRATION_WITH_AD_NETWORK ]]; then\n    _PLIST_ENTRY_KEYS+=(\"GOOGLE_ANALYTICS_REGISTRATION_WITH_AD_NETWORK_ENABLED\")\n    _PLIST_ENTRY_TYPES+=(\"bool\")\n    _PLIST_ENTRY_VALUES+=(\"$(jsonBoolToYesNo \"$_ANALYTICS_REGISTRATION_WITH_AD_NETWORK\")\")\n  fi\n\n  # config.google_analytics_automatic_screen_reporting_enabled\n  _ANALYTICS_AUTO_SCREEN_REPORTING=$(getFirebaseJsonKeyValue \"$_JSON_OUTPUT_RAW\" \"google_analytics_automatic_screen_reporting_enabled\")\n  if [[ $_ANALYTICS_AUTO_SCREEN_REPORTING ]]; then\n    _PLIST_ENTRY_KEYS+=(\"FirebaseAutomaticScreenReportingEnabled\")\n    _PLIST_ENTRY_TYPES+=(\"bool\")\n    _PLIST_ENTRY_VALUES+=(\"$(jsonBoolToYesNo \"$_ANALYTICS_AUTO_SCREEN_REPORTING\")\")\n  fi\n\n  # config.perf_auto_collection_enabled\n  _PERF_AUTO_COLLECTION=$(getFirebaseJsonKeyValue \"$_JSON_OUTPUT_RAW\" \"perf_auto_collection_enabled\")\n  if [[ $_PERF_AUTO_COLLECTION ]]; then\n    _PLIST_ENTRY_KEYS+=(\"firebase_performance_collection_enabled\")\n    _PLIST_ENTRY_TYPES+=(\"bool\")\n    _PLIST_ENTRY_VALUES+=(\"$(jsonBoolToYesNo \"$_PERF_AUTO_COLLECTION\")\")\n  fi\n\n  # config.perf_collection_deactivated\n  _PERF_DEACTIVATED=$(getFirebaseJsonKeyValue \"$_JSON_OUTPUT_RAW\" \"perf_collection_deactivated\")\n  if [[ $_PERF_DEACTIVATED ]]; then\n    _PLIST_ENTRY_KEYS+=(\"firebase_performance_collection_deactivated\")\n    _PLIST_ENTRY_TYPES+=(\"bool\")\n    _PLIST_ENTRY_VALUES+=(\"$(jsonBoolToYesNo \"$_PERF_DEACTIVATED\")\")\n  fi\n\n  # config.messaging_auto_init_enabled\n  _MESSAGING_AUTO_INIT=$(getFirebaseJsonKeyValue \"$_JSON_OUTPUT_RAW\" \"messaging_auto_init_enabled\")\n  if [[ $_MESSAGING_AUTO_INIT ]]; then\n    _PLIST_ENTRY_KEYS+=(\"FirebaseMessagingAutoInitEnabled\")\n    _PLIST_ENTRY_TYPES+=(\"bool\")\n    _PLIST_ENTRY_VALUES+=(\"$(jsonBoolToYesNo \"$_MESSAGING_AUTO_INIT\")\")\n  fi\n\n  # config.in_app_messaging_auto_colllection_enabled\n  _FIAM_AUTO_INIT=$(getFirebaseJsonKeyValue \"$_JSON_OUTPUT_RAW\" \"in_app_messaging_auto_collection_enabled\")\n  if [[ $_FIAM_AUTO_INIT ]]; then\n    _PLIST_ENTRY_KEYS+=(\"FirebaseInAppMessagingAutomaticDataCollectionEnabled\")\n    _PLIST_ENTRY_TYPES+=(\"bool\")\n    _PLIST_ENTRY_VALUES+=(\"$(jsonBoolToYesNo \"$_FIAM_AUTO_INIT\")\")\n  fi\n\n  # config.app_check_token_auto_refresh\n  _APP_CHECK_TOKEN_AUTO_REFRESH=$(getFirebaseJsonKeyValue \"$_JSON_OUTPUT_RAW\" \"app_check_token_auto_refresh\")\n  if [[ $_APP_CHECK_TOKEN_AUTO_REFRESH ]]; then\n    _PLIST_ENTRY_KEYS+=(\"FirebaseAppCheckTokenAutoRefreshEnabled\")\n    _PLIST_ENTRY_TYPES+=(\"bool\")\n    _PLIST_ENTRY_VALUES+=(\"$(jsonBoolToYesNo \"$_APP_CHECK_TOKEN_AUTO_REFRESH\")\")\n  fi\n\n  # config.crashlytics_disable_auto_disabler - undocumented for now - mainly for debugging, document if becomes useful\n  _CRASHLYTICS_AUTO_DISABLE_ENABLED=$(getFirebaseJsonKeyValue \"$_JSON_OUTPUT_RAW\" \"crashlytics_disable_auto_disabler\")\n  if [[ $_CRASHLYTICS_AUTO_DISABLE_ENABLED == \"true\" ]]; then\n    echo \"Disabled Crashlytics auto disabler.\" # do nothing\n  else\n    _PLIST_ENTRY_KEYS+=(\"FirebaseCrashlyticsCollectionEnabled\")\n    _PLIST_ENTRY_TYPES+=(\"bool\")\n    _PLIST_ENTRY_VALUES+=(\"NO\")\n  fi\nelse\n  _PLIST_ENTRY_KEYS+=(\"firebase_json_raw\")\n  _PLIST_ENTRY_TYPES+=(\"string\")\n  _PLIST_ENTRY_VALUES+=(\"$_JSON_OUTPUT_BASE64\")\n  echo \"warning:   A firebase.json file was not found, whilst this file is optional it is recommended to include it to configure firebase services in React Native Firebase.\"\nfi;\n\necho \"info: 2) Injecting Info.plist entries: \"\n\n# Log out the keys we're adding\nfor i in \"${!_PLIST_ENTRY_KEYS[@]}\"; do\n  echo \"    ->  $i) ${_PLIST_ENTRY_KEYS[$i]}\" \"${_PLIST_ENTRY_TYPES[$i]}\" \"${_PLIST_ENTRY_VALUES[$i]}\"\ndone\n\nfor plist in \"${_TARGET_PLIST}\" \"${_DSYM_PLIST}\" ; do\n  if [[ -f \"${plist}\" ]]; then\n\n    # paths with spaces break the call to setPlistValue. temporarily modify\n    # the shell internal field separator variable (IFS), which normally\n    # includes spaces, to consist only of line breaks\n    oldifs=$IFS\n    IFS=\"\n\"\n\n    for i in \"${!_PLIST_ENTRY_KEYS[@]}\"; do\n      setPlistValue \"${_PLIST_ENTRY_KEYS[$i]}\" \"${_PLIST_ENTRY_TYPES[$i]}\" \"${_PLIST_ENTRY_VALUES[$i]}\" \"${plist}\"\n    done\n\n    # restore the original internal field separator value\n    IFS=$oldifs\n  else\n    echo \"warning:   A Info.plist build output file was not found (${plist})\"\n  fi\ndone\n\necho \"info: <- RNFB build script finished\"\n";
		};
		43158B50B5854A97BBC57844 /* Upload Debug Symbols to Sentry */ = {
			isa = PBXShellScriptBuildPhase;
			buildActionMask = 2147483647;
			files = (
			);
			inputPaths = (
			);
			name = "Upload Debug Symbols to Sentry";
			outputPaths = (
			);
			runOnlyForDeploymentPostprocessing = 0;
			shellPath = /bin/sh;
			shellScript = "/bin/sh ../node_modules/@sentry/react-native/scripts/sentry-xcode-debug-files.sh";
		};
		47985B1D4535B7D61997044A /* [CP-User] [RNFB] Crashlytics Configuration */ = {
			isa = PBXShellScriptBuildPhase;
			buildActionMask = 2147483647;
			files = (
			);
			inputPaths = (
				"${DWARF_DSYM_FOLDER_PATH}/${DWARF_DSYM_FILE_NAME}/Contents/Resources/DWARF/${TARGET_NAME}",
				"$(BUILT_PRODUCTS_DIR)/$(INFOPLIST_PATH)",
			);
			name = "[CP-User] [RNFB] Crashlytics Configuration";
			runOnlyForDeploymentPostprocessing = 0;
			shellPath = /bin/sh;
			shellScript = "#!/usr/bin/env bash\n#\n# Copyright (c) 2016-present Invertase Limited & Contributors\n#\n# Licensed under the Apache License, Version 2.0 (the \"License\");\n# you may not use this library except in compliance with the License.\n# You may obtain a copy of the License at\n#\n#   http://www.apache.org/licenses/LICENSE-2.0\n#\n# Unless required by applicable law or agreed to in writing, software\n# distributed under the License is distributed on an \"AS IS\" BASIS,\n# WITHOUT WARRANTIES OR CONDITIONS OF ANY KIND, either express or implied.\n# See the License for the specific language governing permissions and\n# limitations under the License.\n#\nset -e\n\nif [[ ${PODS_ROOT} ]]; then\n  echo \"info: Exec FirebaseCrashlytics Run from Pods\"\n  \"${PODS_ROOT}/FirebaseCrashlytics/run\"\nelse\n  echo \"info: Exec FirebaseCrashlytics Run from framework\"\n  \"${PROJECT_DIR}/FirebaseCrashlytics.framework/run\"\nfi\n";
		};
		64AB3835CC82E0DA701E79EE /* [CP] Embed Pods Frameworks */ = {
			isa = PBXShellScriptBuildPhase;
			buildActionMask = 2147483647;
			files = (
			);
			inputFileListPaths = (
				"${PODS_ROOT}/Target Support Files/Pods-yarsha/Pods-yarsha-frameworks-${CONFIGURATION}-input-files.xcfilelist",
			);
			name = "[CP] Embed Pods Frameworks";
			outputFileListPaths = (
				"${PODS_ROOT}/Target Support Files/Pods-yarsha/Pods-yarsha-frameworks-${CONFIGURATION}-output-files.xcfilelist",
			);
			runOnlyForDeploymentPostprocessing = 0;
			shellPath = /bin/sh;
			shellScript = "\"${PODS_ROOT}/Target Support Files/Pods-yarsha/Pods-yarsha-frameworks.sh\"\n";
			showEnvVarsInLog = 0;
		};
		A87B9C614E0EB3E834B72197 /* [CP] Check Pods Manifest.lock */ = {
			isa = PBXShellScriptBuildPhase;
			buildActionMask = 2147483647;
			files = (
			);
			inputFileListPaths = (
			);
			inputPaths = (
				"${PODS_PODFILE_DIR_PATH}/Podfile.lock",
				"${PODS_ROOT}/Manifest.lock",
			);
			name = "[CP] Check Pods Manifest.lock";
			outputFileListPaths = (
			);
			outputPaths = (
				"$(DERIVED_FILE_DIR)/Pods-yarsha-checkManifestLockResult.txt",
			);
			runOnlyForDeploymentPostprocessing = 0;
			shellPath = /bin/sh;
			shellScript = "diff \"${PODS_PODFILE_DIR_PATH}/Podfile.lock\" \"${PODS_ROOT}/Manifest.lock\" > /dev/null\nif [ $? != 0 ] ; then\n    # print error to STDERR\n    echo \"error: The sandbox is not in sync with the Podfile.lock. Run 'pod install' or update your CocoaPods installation.\" >&2\n    exit 1\nfi\n# This output is used by Xcode 'outputs' to avoid re-running this script phase.\necho \"SUCCESS\" > \"${SCRIPT_OUTPUT_FILE_0}\"\n";
			showEnvVarsInLog = 0;
		};
/* End PBXShellScriptBuildPhase section */

/* Begin PBXSourcesBuildPhase section */
		13B07F871A680F5B00A75B9A /* Sources */ = {
			isa = PBXSourcesBuildPhase;
			buildActionMask = 2147483647;
			files = (
				6D8F93912DBE8548006F8B5E /* AppDelegate.swift in Sources */,
			);
			runOnlyForDeploymentPostprocessing = 0;
		};
/* End PBXSourcesBuildPhase section */

/* Begin XCBuildConfiguration section */
		13B07F941A680F5B00A75B9A /* Debug */ = {
			isa = XCBuildConfiguration;
			baseConfigurationReference = 550612095007E197E334E8BD /* Pods-yarsha.debug.xcconfig */;
			buildSettings = {
				ASSETCATALOG_COMPILER_APPICON_NAME = AppIcon;
				CLANG_ENABLE_MODULES = YES;
				CODE_SIGN_ENTITLEMENTS = yarsha/yarsha.entitlements;
				CURRENT_PROJECT_VERSION = 20;
				DEVELOPMENT_TEAM = 99F2934W22;
				ENABLE_BITCODE = NO;
				INFOPLIST_FILE = yarsha/Info.plist;
				INFOPLIST_KEY_CFBundleDisplayName = yarsha;
				INFOPLIST_KEY_LSApplicationCategoryType = "public.app-category.finance";
				LD_RUNPATH_SEARCH_PATHS = (
					"$(inherited)",
					"@executable_path/Frameworks",
				);
				MARKETING_VERSION = 1.0.1;
				OTHER_LDFLAGS = (
					"$(inherited)",
					"-ObjC",
					"-lc++",
				);
				PRODUCT_BUNDLE_IDENTIFIER = com.mokshya.yarsha;
				PRODUCT_NAME = yarsha;
				SUPPORTED_PLATFORMS = "iphoneos iphonesimulator";
				SUPPORTS_MACCATALYST = NO;
				SUPPORTS_MAC_DESIGNED_FOR_IPHONE_IPAD = NO;
				SUPPORTS_XR_DESIGNED_FOR_IPHONE_IPAD = NO;
				SWIFT_OPTIMIZATION_LEVEL = "-Onone";
				SWIFT_VERSION = 5.0;
				TARGETED_DEVICE_FAMILY = 1;
				VERSIONING_SYSTEM = "apple-generic";
			};
			name = Debug;
		};
		13B07F951A680F5B00A75B9A /* Release */ = {
			isa = XCBuildConfiguration;
			baseConfigurationReference = A39ABC7E21FB8E1A1A78F983 /* Pods-yarsha.release.xcconfig */;
			buildSettings = {
				ASSETCATALOG_COMPILER_APPICON_NAME = AppIcon;
				CLANG_ENABLE_MODULES = YES;
				CODE_SIGN_ENTITLEMENTS = yarsha/yarsha.entitlements;
				CURRENT_PROJECT_VERSION = 20;
				DEVELOPMENT_TEAM = 99F2934W22;
				INFOPLIST_FILE = yarsha/Info.plist;
				INFOPLIST_KEY_CFBundleDisplayName = yarsha;
				INFOPLIST_KEY_LSApplicationCategoryType = "public.app-category.finance";
				LD_RUNPATH_SEARCH_PATHS = (
					"$(inherited)",
					"@executable_path/Frameworks",
				);
				MARKETING_VERSION = 1.0.1;
				OTHER_LDFLAGS = (
					"$(inherited)",
					"-ObjC",
					"-lc++",
				);
				PRODUCT_BUNDLE_IDENTIFIER = com.mokshya.yarsha;
				PRODUCT_NAME = yarsha;
				SUPPORTED_PLATFORMS = "iphoneos iphonesimulator";
				SUPPORTS_MACCATALYST = NO;
				SUPPORTS_MAC_DESIGNED_FOR_IPHONE_IPAD = NO;
				SUPPORTS_XR_DESIGNED_FOR_IPHONE_IPAD = NO;
				SWIFT_VERSION = 5.0;
				TARGETED_DEVICE_FAMILY = 1;
				VERSIONING_SYSTEM = "apple-generic";
			};
			name = Release;
		};
		83CBBA201A601CBA00E9B192 /* Debug */ = {
			isa = XCBuildConfiguration;
			buildSettings = {
				ALWAYS_SEARCH_USER_PATHS = NO;
				CC = "";
				CLANG_ANALYZER_LOCALIZABILITY_NONLOCALIZED = YES;
				CLANG_CXX_LANGUAGE_STANDARD = "c++20";
				CLANG_CXX_LIBRARY = "libc++";
				CLANG_ENABLE_MODULES = YES;
				CLANG_ENABLE_OBJC_ARC = YES;
				CLANG_WARN_BLOCK_CAPTURE_AUTORELEASING = YES;
				CLANG_WARN_BOOL_CONVERSION = YES;
				CLANG_WARN_COMMA = YES;
				CLANG_WARN_CONSTANT_CONVERSION = YES;
				CLANG_WARN_DEPRECATED_OBJC_IMPLEMENTATIONS = YES;
				CLANG_WARN_DIRECT_OBJC_ISA_USAGE = YES_ERROR;
				CLANG_WARN_EMPTY_BODY = YES;
				CLANG_WARN_ENUM_CONVERSION = YES;
				CLANG_WARN_INFINITE_RECURSION = YES;
				CLANG_WARN_INT_CONVERSION = YES;
				CLANG_WARN_NON_LITERAL_NULL_CONVERSION = YES;
				CLANG_WARN_OBJC_IMPLICIT_RETAIN_SELF = YES;
				CLANG_WARN_OBJC_LITERAL_CONVERSION = YES;
				CLANG_WARN_OBJC_ROOT_CLASS = YES_ERROR;
				CLANG_WARN_QUOTED_INCLUDE_IN_FRAMEWORK_HEADER = YES;
				CLANG_WARN_RANGE_LOOP_ANALYSIS = YES;
				CLANG_WARN_STRICT_PROTOTYPES = YES;
				CLANG_WARN_SUSPICIOUS_MOVE = YES;
				CLANG_WARN_UNREACHABLE_CODE = YES;
				CLANG_WARN__DUPLICATE_METHOD_MATCH = YES;
				"CODE_SIGN_IDENTITY[sdk=iphoneos*]" = "iPhone Developer";
				COPY_PHASE_STRIP = NO;
				CXX = "";
				ENABLE_STRICT_OBJC_MSGSEND = YES;
				ENABLE_TESTABILITY = YES;
				"EXCLUDED_ARCHS[sdk=iphonesimulator*]" = "";
				GCC_C_LANGUAGE_STANDARD = gnu99;
				GCC_DYNAMIC_NO_PIC = NO;
				GCC_NO_COMMON_BLOCKS = YES;
				GCC_OPTIMIZATION_LEVEL = 0;
				GCC_PREPROCESSOR_DEFINITIONS = (
					"DEBUG=1",
					"$(inherited)",
				);
				GCC_SYMBOLS_PRIVATE_EXTERN = NO;
				GCC_WARN_64_TO_32_BIT_CONVERSION = YES;
				GCC_WARN_ABOUT_RETURN_TYPE = YES_ERROR;
				GCC_WARN_UNDECLARED_SELECTOR = YES;
				GCC_WARN_UNINITIALIZED_AUTOS = YES_AGGRESSIVE;
				GCC_WARN_UNUSED_FUNCTION = YES;
				GCC_WARN_UNUSED_VARIABLE = YES;
				HEADER_SEARCH_PATHS = (
					"$(inherited)",
					"${PODS_CONFIGURATION_BUILD_DIR}/ReactCommon/ReactCommon.framework/Headers",
					"${PODS_CONFIGURATION_BUILD_DIR}/ReactCommon/ReactCommon.framework/Headers/react/nativemodule/core",
					"${PODS_CONFIGURATION_BUILD_DIR}/ReactCommon-Samples/ReactCommon_Samples.framework/Headers",
					"${PODS_CONFIGURATION_BUILD_DIR}/ReactCommon-Samples/ReactCommon_Samples.framework/Headers/platform/ios",
					"${PODS_CONFIGURATION_BUILD_DIR}/React-Fabric/React_Fabric.framework/Headers/react/renderer/components/view/platform/cxx",
					"${PODS_CONFIGURATION_BUILD_DIR}/React-NativeModulesApple/React_NativeModulesApple.framework/Headers",
					"${PODS_CONFIGURATION_BUILD_DIR}/React-graphics/React_graphics.framework/Headers",
					"${PODS_CONFIGURATION_BUILD_DIR}/React-graphics/React_graphics.framework/Headers/react/renderer/graphics/platform/ios",
				);
				IPHONEOS_DEPLOYMENT_TARGET = 15.1;
				LD = "";
				LDPLUSPLUS = "";
				LD_RUNPATH_SEARCH_PATHS = (
					/usr/lib/swift,
					"$(inherited)",
				);
				LIBRARY_SEARCH_PATHS = (
					"\"$(SDKROOT)/usr/lib/swift\"",
					"\"$(TOOLCHAIN_DIR)/usr/lib/swift/$(PLATFORM_NAME)\"",
					"\"$(inherited)\"",
				);
				MTL_ENABLE_DEBUG_INFO = YES;
				ONLY_ACTIVE_ARCH = YES;
				OTHER_CPLUSPLUSFLAGS = (
					"$(OTHER_CFLAGS)",
					"-DFOLLY_NO_CONFIG",
					"-DFOLLY_MOBILE=1",
					"-DFOLLY_USE_LIBCPP=1",
					"-DFOLLY_CFG_NO_COROUTINES=1",
					"-DFOLLY_HAVE_CLOCK_GETTIME=1",
				);
				OTHER_LDFLAGS = "$(inherited)  ";
				REACT_NATIVE_PATH = "${PODS_ROOT}/../../node_modules/react-native";
				SDKROOT = iphoneos;
				SWIFT_ACTIVE_COMPILATION_CONDITIONS = "$(inherited) DEBUG";
				USE_HERMES = true;
			};
			name = Debug;
		};
		83CBBA211A601CBA00E9B192 /* Release */ = {
			isa = XCBuildConfiguration;
			buildSettings = {
				ALWAYS_SEARCH_USER_PATHS = NO;
				CC = "";
				CLANG_ANALYZER_LOCALIZABILITY_NONLOCALIZED = YES;
				CLANG_CXX_LANGUAGE_STANDARD = "c++20";
				CLANG_CXX_LIBRARY = "libc++";
				CLANG_ENABLE_MODULES = YES;
				CLANG_ENABLE_OBJC_ARC = YES;
				CLANG_WARN_BLOCK_CAPTURE_AUTORELEASING = YES;
				CLANG_WARN_BOOL_CONVERSION = YES;
				CLANG_WARN_COMMA = YES;
				CLANG_WARN_CONSTANT_CONVERSION = YES;
				CLANG_WARN_DEPRECATED_OBJC_IMPLEMENTATIONS = YES;
				CLANG_WARN_DIRECT_OBJC_ISA_USAGE = YES_ERROR;
				CLANG_WARN_EMPTY_BODY = YES;
				CLANG_WARN_ENUM_CONVERSION = YES;
				CLANG_WARN_INFINITE_RECURSION = YES;
				CLANG_WARN_INT_CONVERSION = YES;
				CLANG_WARN_NON_LITERAL_NULL_CONVERSION = YES;
				CLANG_WARN_OBJC_IMPLICIT_RETAIN_SELF = YES;
				CLANG_WARN_OBJC_LITERAL_CONVERSION = YES;
				CLANG_WARN_OBJC_ROOT_CLASS = YES_ERROR;
				CLANG_WARN_QUOTED_INCLUDE_IN_FRAMEWORK_HEADER = YES;
				CLANG_WARN_RANGE_LOOP_ANALYSIS = YES;
				CLANG_WARN_STRICT_PROTOTYPES = YES;
				CLANG_WARN_SUSPICIOUS_MOVE = YES;
				CLANG_WARN_UNREACHABLE_CODE = YES;
				CLANG_WARN__DUPLICATE_METHOD_MATCH = YES;
				"CODE_SIGN_IDENTITY[sdk=iphoneos*]" = "iPhone Developer";
				COPY_PHASE_STRIP = YES;
				CXX = "";
				ENABLE_NS_ASSERTIONS = NO;
				ENABLE_STRICT_OBJC_MSGSEND = YES;
				"EXCLUDED_ARCHS[sdk=iphonesimulator*]" = "";
				GCC_C_LANGUAGE_STANDARD = gnu99;
				GCC_NO_COMMON_BLOCKS = YES;
				GCC_WARN_64_TO_32_BIT_CONVERSION = YES;
				GCC_WARN_ABOUT_RETURN_TYPE = YES_ERROR;
				GCC_WARN_UNDECLARED_SELECTOR = YES;
				GCC_WARN_UNINITIALIZED_AUTOS = YES_AGGRESSIVE;
				GCC_WARN_UNUSED_FUNCTION = YES;
				GCC_WARN_UNUSED_VARIABLE = YES;
				HEADER_SEARCH_PATHS = (
					"$(inherited)",
					"${PODS_CONFIGURATION_BUILD_DIR}/ReactCommon/ReactCommon.framework/Headers",
					"${PODS_CONFIGURATION_BUILD_DIR}/ReactCommon/ReactCommon.framework/Headers/react/nativemodule/core",
					"${PODS_CONFIGURATION_BUILD_DIR}/ReactCommon-Samples/ReactCommon_Samples.framework/Headers",
					"${PODS_CONFIGURATION_BUILD_DIR}/ReactCommon-Samples/ReactCommon_Samples.framework/Headers/platform/ios",
					"${PODS_CONFIGURATION_BUILD_DIR}/React-Fabric/React_Fabric.framework/Headers/react/renderer/components/view/platform/cxx",
					"${PODS_CONFIGURATION_BUILD_DIR}/React-NativeModulesApple/React_NativeModulesApple.framework/Headers",
					"${PODS_CONFIGURATION_BUILD_DIR}/React-graphics/React_graphics.framework/Headers",
					"${PODS_CONFIGURATION_BUILD_DIR}/React-graphics/React_graphics.framework/Headers/react/renderer/graphics/platform/ios",
				);
				IPHONEOS_DEPLOYMENT_TARGET = 15.1;
				LD = "";
				LDPLUSPLUS = "";
				LD_RUNPATH_SEARCH_PATHS = (
					/usr/lib/swift,
					"$(inherited)",
				);
				LIBRARY_SEARCH_PATHS = (
					"\"$(SDKROOT)/usr/lib/swift\"",
					"\"$(TOOLCHAIN_DIR)/usr/lib/swift/$(PLATFORM_NAME)\"",
					"\"$(inherited)\"",
				);
				MTL_ENABLE_DEBUG_INFO = NO;
				OTHER_CPLUSPLUSFLAGS = (
					"$(OTHER_CFLAGS)",
					"-DFOLLY_NO_CONFIG",
					"-DFOLLY_MOBILE=1",
					"-DFOLLY_USE_LIBCPP=1",
					"-DFOLLY_CFG_NO_COROUTINES=1",
					"-DFOLLY_HAVE_CLOCK_GETTIME=1",
				);
				OTHER_LDFLAGS = "$(inherited)  ";
				REACT_NATIVE_PATH = "${PODS_ROOT}/../../node_modules/react-native";
				SDKROOT = iphoneos;
				USE_HERMES = true;
				VALIDATE_PRODUCT = YES;
			};
			name = Release;
		};
/* End XCBuildConfiguration section */

/* Begin XCConfigurationList section */
		13B07F931A680F5B00A75B9A /* Build configuration list for PBXNativeTarget "yarsha" */ = {
			isa = XCConfigurationList;
			buildConfigurations = (
				13B07F941A680F5B00A75B9A /* Debug */,
				13B07F951A680F5B00A75B9A /* Release */,
			);
			defaultConfigurationIsVisible = 0;
			defaultConfigurationName = Release;
		};
		83CBB9FA1A601CBA00E9B192 /* Build configuration list for PBXProject "yarsha" */ = {
			isa = XCConfigurationList;
			buildConfigurations = (
				83CBBA201A601CBA00E9B192 /* Debug */,
				83CBBA211A601CBA00E9B192 /* Release */,
			);
			defaultConfigurationIsVisible = 0;
			defaultConfigurationName = Release;
		};
/* End XCConfigurationList section */
	};
	rootObject = 83CBB9F71A601CBA00E9B192 /* Project object */;
}
